// !$*UTF8*$!
{
	archiveVersion = 1;
	classes = {
	};
	objectVersion = 46;
	objects = {

/* Begin PBXBuildFile section */
		06621D43156EB38100E75556 /* UIKit.framework in Frameworks */ = {isa = PBXBuildFile; fileRef = 06621D42156EB38100E75556 /* UIKit.framework */; };
		06621D45156EB38100E75556 /* Foundation.framework in Frameworks */ = {isa = PBXBuildFile; fileRef = 06621D44156EB38100E75556 /* Foundation.framework */; };
		06621D47156EB38100E75556 /* CoreGraphics.framework in Frameworks */ = {isa = PBXBuildFile; fileRef = 06621D46156EB38100E75556 /* CoreGraphics.framework */; };
		06621D4D156EB38100E75556 /* InfoPlist.strings in Resources */ = {isa = PBXBuildFile; fileRef = 06621D4B156EB38100E75556 /* InfoPlist.strings */; };
		06621D4F156EB38100E75556 /* main.m in Sources */ = {isa = PBXBuildFile; fileRef = 06621D4E156EB38100E75556 /* main.m */; };
		06621D53156EB38100E75556 /* RingRevenueAppDelegate.m in Sources */ = {isa = PBXBuildFile; fileRef = 06621D52156EB38100E75556 /* RingRevenueAppDelegate.m */; };
		06621D56156EB38100E75556 /* MainStoryboard_iPhone.storyboard in Resources */ = {isa = PBXBuildFile; fileRef = 06621D54156EB38100E75556 /* MainStoryboard_iPhone.storyboard */; };
		06621D5C156EB38100E75556 /* RingRevenueViewController.m in Sources */ = {isa = PBXBuildFile; fileRef = 06621D5B156EB38100E75556 /* RingRevenueViewController.m */; };
/* End PBXBuildFile section */

/* Begin PBXFileReference section */
		06621D3E156EB38100E75556 /* RingPool API Example.app */ = {isa = PBXFileReference; explicitFileType = wrapper.application; includeInIndex = 0; path = "RingPool API Example.app"; sourceTree = BUILT_PRODUCTS_DIR; };
		06621D42156EB38100E75556 /* UIKit.framework */ = {isa = PBXFileReference; lastKnownFileType = wrapper.framework; name = UIKit.framework; path = System/Library/Frameworks/UIKit.framework; sourceTree = SDKROOT; };
		06621D44156EB38100E75556 /* Foundation.framework */ = {isa = PBXFileReference; lastKnownFileType = wrapper.framework; name = Foundation.framework; path = System/Library/Frameworks/Foundation.framework; sourceTree = SDKROOT; };
		06621D46156EB38100E75556 /* CoreGraphics.framework */ = {isa = PBXFileReference; lastKnownFileType = wrapper.framework; name = CoreGraphics.framework; path = System/Library/Frameworks/CoreGraphics.framework; sourceTree = SDKROOT; };
		06621D4A156EB38100E75556 /* RingPool API Example-Info.plist */ = {isa = PBXFileReference; lastKnownFileType = text.plist.xml; path = "RingPool API Example-Info.plist"; sourceTree = "<group>"; };
		06621D4C156EB38100E75556 /* en */ = {isa = PBXFileReference; lastKnownFileType = text.plist.strings; name = en; path = en.lproj/InfoPlist.strings; sourceTree = "<group>"; };
		06621D4E156EB38100E75556 /* main.m */ = {isa = PBXFileReference; lastKnownFileType = sourcecode.c.objc; path = main.m; sourceTree = "<group>"; };
		06621D50156EB38100E75556 /* RingPool API Example-Prefix.pch */ = {isa = PBXFileReference; lastKnownFileType = sourcecode.c.h; path = "RingPool API Example-Prefix.pch"; sourceTree = "<group>"; };
		06621D51156EB38100E75556 /* RingRevenueAppDelegate.h */ = {isa = PBXFileReference; lastKnownFileType = sourcecode.c.h; path = RingRevenueAppDelegate.h; sourceTree = "<group>"; };
		06621D52156EB38100E75556 /* RingRevenueAppDelegate.m */ = {isa = PBXFileReference; lastKnownFileType = sourcecode.c.objc; path = RingRevenueAppDelegate.m; sourceTree = "<group>"; };
		06621D55156EB38100E75556 /* en */ = {isa = PBXFileReference; lastKnownFileType = file.storyboard; name = en; path = en.lproj/MainStoryboard_iPhone.storyboard; sourceTree = "<group>"; };
		06621D5A156EB38100E75556 /* RingRevenueViewController.h */ = {isa = PBXFileReference; lastKnownFileType = sourcecode.c.h; path = RingRevenueViewController.h; sourceTree = "<group>"; };
		06621D5B156EB38100E75556 /* RingRevenueViewController.m */ = {isa = PBXFileReference; lastKnownFileType = sourcecode.c.objc; path = RingRevenueViewController.m; sourceTree = "<group>"; };
/* End PBXFileReference section */

/* Begin PBXFrameworksBuildPhase section */
		06621D3B156EB38100E75556 /* Frameworks */ = {
			isa = PBXFrameworksBuildPhase;
			buildActionMask = 2147483647;
			files = (
				06621D43156EB38100E75556 /* UIKit.framework in Frameworks */,
				06621D45156EB38100E75556 /* Foundation.framework in Frameworks */,
				06621D47156EB38100E75556 /* CoreGraphics.framework in Frameworks */,
			);
			runOnlyForDeploymentPostprocessing = 0;
		};
/* End PBXFrameworksBuildPhase section */

/* Begin PBXGroup section */
		06621D33156EB38100E75556 = {
			isa = PBXGroup;
			children = (
				06621D48156EB38100E75556 /* RingPool API Example */,
				06621D41156EB38100E75556 /* Frameworks */,
				06621D3F156EB38100E75556 /* Products */,
			);
			sourceTree = "<group>";
		};
		06621D3F156EB38100E75556 /* Products */ = {
			isa = PBXGroup;
			children = (
				06621D3E156EB38100E75556 /* RingPool API Example.app */,
			);
			name = Products;
			sourceTree = "<group>";
		};
		06621D41156EB38100E75556 /* Frameworks */ = {
			isa = PBXGroup;
			children = (
				06621D42156EB38100E75556 /* UIKit.framework */,
				06621D44156EB38100E75556 /* Foundation.framework */,
				06621D46156EB38100E75556 /* CoreGraphics.framework */,
			);
			name = Frameworks;
			sourceTree = "<group>";
		};
		06621D48156EB38100E75556 /* RingPool API Example */ = {
			isa = PBXGroup;
			children = (
				06621D51156EB38100E75556 /* RingRevenueAppDelegate.h */,
				06621D52156EB38100E75556 /* RingRevenueAppDelegate.m */,
				06621D54156EB38100E75556 /* MainStoryboard_iPhone.storyboard */,
				06621D5A156EB38100E75556 /* RingRevenueViewController.h */,
				06621D5B156EB38100E75556 /* RingRevenueViewController.m */,
				06621D49156EB38100E75556 /* Supporting Files */,
			);
			path = "RingPool API Example";
			sourceTree = "<group>";
		};
		06621D49156EB38100E75556 /* Supporting Files */ = {
			isa = PBXGroup;
			children = (
				06621D4A156EB38100E75556 /* RingPool API Example-Info.plist */,
				06621D4B156EB38100E75556 /* InfoPlist.strings */,
				06621D4E156EB38100E75556 /* main.m */,
				06621D50156EB38100E75556 /* RingPool API Example-Prefix.pch */,
			);
			name = "Supporting Files";
			sourceTree = "<group>";
		};
/* End PBXGroup section */

/* Begin PBXNativeTarget section */
		06621D3D156EB38100E75556 /* RingPool API Example */ = {
			isa = PBXNativeTarget;
			buildConfigurationList = 06621D5F156EB38100E75556 /* Build configuration list for PBXNativeTarget "RingPool API Example" */;
			buildPhases = (
				06621D3A156EB38100E75556 /* Sources */,
				06621D3B156EB38100E75556 /* Frameworks */,
				06621D3C156EB38100E75556 /* Resources */,
			);
			buildRules = (
			);
			dependencies = (
			);
			name = "RingPool API Example";
			productName = "RingPool API Example";
			productReference = 06621D3E156EB38100E75556 /* RingPool API Example.app */;
			productType = "com.apple.product-type.application";
		};
/* End PBXNativeTarget section */

/* Begin PBXProject section */
		06621D35156EB38100E75556 /* Project object */ = {
			isa = PBXProject;
			attributes = {
				CLASSPREFIX = RingRevenue;
				LastUpgradeCheck = 0430;
			};
			buildConfigurationList = 06621D38156EB38100E75556 /* Build configuration list for PBXProject "RingPool API Example" */;
			compatibilityVersion = "Xcode 3.2";
			developmentRegion = English;
			hasScannedForEncodings = 0;
			knownRegions = (
				en,
			);
			mainGroup = 06621D33156EB38100E75556;
			productRefGroup = 06621D3F156EB38100E75556 /* Products */;
			projectDirPath = "";
			projectRoot = "";
			targets = (
				06621D3D156EB38100E75556 /* RingPool API Example */,
			);
		};
/* End PBXProject section */

/* Begin PBXResourcesBuildPhase section */
		06621D3C156EB38100E75556 /* Resources */ = {
			isa = PBXResourcesBuildPhase;
			buildActionMask = 2147483647;
			files = (
				06621D4D156EB38100E75556 /* InfoPlist.strings in Resources */,
				06621D56156EB38100E75556 /* MainStoryboard_iPhone.storyboard in Resources */,
			);
			runOnlyForDeploymentPostprocessing = 0;
		};
/* End PBXResourcesBuildPhase section */

/* Begin PBXSourcesBuildPhase section */
		06621D3A156EB38100E75556 /* Sources */ = {
			isa = PBXSourcesBuildPhase;
			buildActionMask = 2147483647;
			files = (
				06621D4F156EB38100E75556 /* main.m in Sources */,
				06621D53156EB38100E75556 /* RingRevenueAppDelegate.m in Sources */,
				06621D5C156EB38100E75556 /* RingRevenueViewController.m in Sources */,
			);
			runOnlyForDeploymentPostprocessing = 0;
		};
/* End PBXSourcesBuildPhase section */

/* Begin PBXVariantGroup section */
		06621D4B156EB38100E75556 /* InfoPlist.strings */ = {
			isa = PBXVariantGroup;
			children = (
				06621D4C156EB38100E75556 /* en */,
			);
			name = InfoPlist.strings;
			sourceTree = "<group>";
		};
		06621D54156EB38100E75556 /* MainStoryboard_iPhone.storyboard */ = {
			isa = PBXVariantGroup;
			children = (
				06621D55156EB38100E75556 /* en */,
			);
			name = MainStoryboard_iPhone.storyboard;
			sourceTree = "<group>";
		};
/* End PBXVariantGroup section */

/* Begin XCBuildConfiguration section */
		06621D5D156EB38100E75556 /* Debug */ = {
			isa = XCBuildConfiguration;
			buildSettings = {
				ALWAYS_SEARCH_USER_PATHS = NO;
				ARCHS = "$(ARCHS_STANDARD_32_BIT)";
				CLANG_ENABLE_OBJC_ARC = YES;
				"CODE_SIGN_IDENTITY[sdk=iphoneos*]" = "iPhone Developer";
				COPY_PHASE_STRIP = NO;
				GCC_C_LANGUAGE_STANDARD = gnu99;
				GCC_DYNAMIC_NO_PIC = NO;
				GCC_OPTIMIZATION_LEVEL = 0;
				GCC_PREPROCESSOR_DEFINITIONS = (
					"DEBUG=1",
					"$(inherited)",
				);
				GCC_SYMBOLS_PRIVATE_EXTERN = NO;
				GCC_VERSION = com.apple.compilers.llvm.clang.1_0;
				GCC_WARN_ABOUT_RETURN_TYPE = YES;
				GCC_WARN_UNINITIALIZED_AUTOS = YES;
				GCC_WARN_UNUSED_VARIABLE = YES;
				IPHONEOS_DEPLOYMENT_TARGET = 5.1;
				SDKROOT = iphoneos;
				TARGETED_DEVICE_FAMILY = "1,2";
			};
			name = Debug;
		};
		06621D5E156EB38100E75556 /* Release */ = {
			isa = XCBuildConfiguration;
			buildSettings = {
				ALWAYS_SEARCH_USER_PATHS = NO;
				ARCHS = "$(ARCHS_STANDARD_32_BIT)";
				CLANG_ENABLE_OBJC_ARC = YES;
				"CODE_SIGN_IDENTITY[sdk=iphoneos*]" = "iPhone Developer";
				COPY_PHASE_STRIP = YES;
				GCC_C_LANGUAGE_STANDARD = gnu99;
				GCC_VERSION = com.apple.compilers.llvm.clang.1_0;
				GCC_WARN_ABOUT_RETURN_TYPE = YES;
				GCC_WARN_UNINITIALIZED_AUTOS = YES;
				GCC_WARN_UNUSED_VARIABLE = YES;
				IPHONEOS_DEPLOYMENT_TARGET = 5.1;
				OTHER_CFLAGS = "-DNS_BLOCK_ASSERTIONS=1";
				SDKROOT = iphoneos;
				TARGETED_DEVICE_FAMILY = "1,2";
				VALIDATE_PRODUCT = YES;
			};
			name = Release;
		};
		06621D60156EB38100E75556 /* Debug */ = {
			isa = XCBuildConfiguration;
			buildSettings = {
				GCC_PRECOMPILE_PREFIX_HEADER = YES;
				GCC_PREFIX_HEADER = "RingPool API Example/RingPool API Example-Prefix.pch";
				INFOPLIST_FILE = "RingPool API Example/RingPool API Example-Info.plist";
				PRODUCT_NAME = "$(TARGET_NAME)";
				WRAPPER_EXTENSION = app;
			};
			name = Debug;
		};
		06621D61156EB38100E75556 /* Release */ = {
			isa = XCBuildConfiguration;
			buildSettings = {
				GCC_PRECOMPILE_PREFIX_HEADER = YES;
				GCC_PREFIX_HEADER = "RingPool API Example/RingPool API Example-Prefix.pch";
				INFOPLIST_FILE = "RingPool API Example/RingPool API Example-Info.plist";
				PRODUCT_NAME = "$(TARGET_NAME)";
				WRAPPER_EXTENSION = app;
			};
			name = Release;
		};
/* End XCBuildConfiguration section */

/* Begin XCConfigurationList section */
		06621D38156EB38100E75556 /* Build configuration list for PBXProject "RingPool API Example" */ = {
			isa = XCConfigurationList;
			buildConfigurations = (
				06621D5D156EB38100E75556 /* Debug */,
				06621D5E156EB38100E75556 /* Release */,
			);
			defaultConfigurationIsVisible = 0;
			defaultConfigurationName = Release;
		};
		06621D5F156EB38100E75556 /* Build configuration list for PBXNativeTarget "RingPool API Example" */ = {
			isa = XCConfigurationList;
			buildConfigurations = (
				06621D60156EB38100E75556 /* Debug */,
				06621D61156EB38100E75556 /* Release */,
			);
			defaultConfigurationIsVisible = 0;
		};
/* End XCConfigurationList section */
	};
	rootObject = 06621D35156EB38100E75556 /* Project object */;
}
